
Microsoft Visual Studio Solution File, Format Version 12.00
# Visual Studio Version 17
VisualStudioVersion = 17.4.33213.308
MinimumVisualStudioVersion = 10.0.40219.1
Project("{9A19103F-16F7-4668-BE54-9A1E7A4F7556}") = "APICadCenter", "APICadCenter\APICadCenter.csproj", "{2A247C74-A76B-45D9-807B-78D4DC39DA23}"
EndProject
Project("{9A19103F-16F7-4668-BE54-9A1E7A4F7556}") = "WebApp", "WebApp\WebApp.csproj", "{BFCB3C82-1A19-4AE4-88CF-4931A0754B21}"
EndProject
Project("{2150E333-8FDC-42A3-9474-1A3956D46DE8}") = "2 - Application", "2 - Application", "{F937E93D-1ED8-47C9-A94E-457FEF973DEF}"
EndProject
Project("{2150E333-8FDC-42A3-9474-1A3956D46DE8}") = "1 - Services", "1 - Services", "{048D0EFD-AF84-4D19-BA65-5803E241CAC5}"
EndProject
Project("{2150E333-8FDC-42A3-9474-1A3956D46DE8}") = "3 - Domain", "3 - Domain", "{570864CF-2243-40E8-9F53-4AE87C8748D1}"
EndProject
Project("{2150E333-8FDC-42A3-9474-1A3956D46DE8}") = "4 - Infra", "4 - Infra", "{9A542255-8417-4451-AD21-3BA491EE6482}"
EndProject
Project("{2150E333-8FDC-42A3-9474-1A3956D46DE8}") = "0 - Presentation", "0 - Presentation", "{25FD5586-42BB-4049-A2DB-543428C409A4}"
EndProject
Project("{FAE04EC0-301F-11D3-BF4B-00C04F79EFBC}") = "Application", "Application\Application.csproj", "{6186156C-9185-4076-B923-27BB12E216CA}"
EndProject
Project("{FAE04EC0-301F-11D3-BF4B-00C04F79EFBC}") = "Domain", "Domain\Domain.csproj", "{9EFF6F3F-80BE-4D28-B3EB-57AB71E4E301}"
EndProject
Project("{2150E333-8FDC-42A3-9474-1A3956D46DE8}") = "4.1 - Data", "4.1 - Data", "{56810DAD-5053-4032-9FA0-0AB610B0FA47}"
EndProject
Project("{FAE04EC0-301F-11D3-BF4B-00C04F79EFBC}") = "Domain.Core", "Domain.Core\Domain.Core.csproj", "{AEC1923B-079F-4A2F-A6CE-7E16B910B49B}"
EndProject
Project("{2150E333-8FDC-42A3-9474-1A3956D46DE8}") = "4.2 - CrossCutting", "4.2 - CrossCutting", "{5EB8A43F-2BE0-4EB9-B226-9873BC858388}"
EndProject
Project("{FAE04EC0-301F-11D3-BF4B-00C04F79EFBC}") = "Data.SqlServer", "Data.SqlServer\Data.SqlServer.csproj", "{6B8B9ECD-217D-48C9-A897-14ED10C81E0B}"
EndProject
Project("{FAE04EC0-301F-11D3-BF4B-00C04F79EFBC}") = "CrossCutting.IoC", "CrossCutting.IoC\CrossCutting.IoC.csproj", "{BE513187-0F32-4004-B00D-CD56A68359DF}"
EndProject
Project("{FAE04EC0-301F-11D3-BF4B-00C04F79EFBC}") = "CrossCutting.Bus", "CrossCutting.Bus\CrossCutting.Bus.csproj", "{6886844B-4A59-40DD-BE98-4C4467346360}"
EndProject
Global
	GlobalSection(SolutionConfigurationPlatforms) = preSolution
		Debug|Any CPU = Debug|Any CPU
		Release|Any CPU = Release|Any CPU
	EndGlobalSection
	GlobalSection(ProjectConfigurationPlatforms) = postSolution
		{2A247C74-A76B-45D9-807B-78D4DC39DA23}.Debug|Any CPU.ActiveCfg = Debug|Any CPU
		{2A247C74-A76B-45D9-807B-78D4DC39DA23}.Debug|Any CPU.Build.0 = Debug|Any CPU
		{2A247C74-A76B-45D9-807B-78D4DC39DA23}.Release|Any CPU.ActiveCfg = Release|Any CPU
		{2A247C74-A76B-45D9-807B-78D4DC39DA23}.Release|Any CPU.Build.0 = Release|Any CPU
		{BFCB3C82-1A19-4AE4-88CF-4931A0754B21}.Debug|Any CPU.ActiveCfg = Debug|Any CPU
		{BFCB3C82-1A19-4AE4-88CF-4931A0754B21}.Debug|Any CPU.Build.0 = Debug|Any CPU
		{BFCB3C82-1A19-4AE4-88CF-4931A0754B21}.Release|Any CPU.ActiveCfg = Release|Any CPU
		{BFCB3C82-1A19-4AE4-88CF-4931A0754B21}.Release|Any CPU.Build.0 = Release|Any CPU
		{6186156C-9185-4076-B923-27BB12E216CA}.Debug|Any CPU.ActiveCfg = Debug|Any CPU
		{6186156C-9185-4076-B923-27BB12E216CA}.Debug|Any CPU.Build.0 = Debug|Any CPU
		{6186156C-9185-4076-B923-27BB12E216CA}.Release|Any CPU.ActiveCfg = Release|Any CPU
		{6186156C-9185-4076-B923-27BB12E216CA}.Release|Any CPU.Build.0 = Release|Any CPU
		{9EFF6F3F-80BE-4D28-B3EB-57AB71E4E301}.Debug|Any CPU.ActiveCfg = Debug|Any CPU
		{9EFF6F3F-80BE-4D28-B3EB-57AB71E4E301}.Debug|Any CPU.Build.0 = Debug|Any CPU
		{9EFF6F3F-80BE-4D28-B3EB-57AB71E4E301}.Release|Any CPU.ActiveCfg = Release|Any CPU
		{9EFF6F3F-80BE-4D28-B3EB-57AB71E4E301}.Release|Any CPU.Build.0 = Release|Any CPU
		{AEC1923B-079F-4A2F-A6CE-7E16B910B49B}.Debug|Any CPU.ActiveCfg = Debug|Any CPU
		{AEC1923B-079F-4A2F-A6CE-7E16B910B49B}.Debug|Any CPU.Build.0 = Debug|Any CPU
		{AEC1923B-079F-4A2F-A6CE-7E16B910B49B}.Release|Any CPU.ActiveCfg = Release|Any CPU
		{AEC1923B-079F-4A2F-A6CE-7E16B910B49B}.Release|Any CPU.Build.0 = Release|Any CPU
		{6B8B9ECD-217D-48C9-A897-14ED10C81E0B}.Debug|Any CPU.ActiveCfg = Debug|Any CPU
		{6B8B9ECD-217D-48C9-A897-14ED10C81E0B}.Debug|Any CPU.Build.0 = Debug|Any CPU
		{6B8B9ECD-217D-48C9-A897-14ED10C81E0B}.Release|Any CPU.ActiveCfg = Release|Any CPU
		{6B8B9ECD-217D-48C9-A897-14ED10C81E0B}.Release|Any CPU.Build.0 = Release|Any CPU
		{BE513187-0F32-4004-B00D-CD56A68359DF}.Debug|Any CPU.ActiveCfg = Debug|Any CPU
		{BE513187-0F32-4004-B00D-CD56A68359DF}.Debug|Any CPU.Build.0 = Debug|Any CPU
		{BE513187-0F32-4004-B00D-CD56A68359DF}.Release|Any CPU.ActiveCfg = Release|Any CPU
		{BE513187-0F32-4004-B00D-CD56A68359DF}.Release|Any CPU.Build.0 = Release|Any CPU
		{6886844B-4A59-40DD-BE98-4C4467346360}.Debug|Any CPU.ActiveCfg = Debug|Any CPU
		{6886844B-4A59-40DD-BE98-4C4467346360}.Debug|Any CPU.Build.0 = Debug|Any CPU
		{6886844B-4A59-40DD-BE98-4C4467346360}.Release|Any CPU.ActiveCfg = Release|Any CPU
		{6886844B-4A59-40DD-BE98-4C4467346360}.Release|Any CPU.Build.0 = Release|Any CPU
	EndGlobalSection
	GlobalSection(SolutionProperties) = preSolution
		HideSolutionNode = FALSE
	EndGlobalSection
	GlobalSection(NestedProjects) = preSolution
		{2A247C74-A76B-45D9-807B-78D4DC39DA23} = {048D0EFD-AF84-4D19-BA65-5803E241CAC5}
		{BFCB3C82-1A19-4AE4-88CF-4931A0754B21} = {25FD5586-42BB-4049-A2DB-543428C409A4}
		{6186156C-9185-4076-B923-27BB12E216CA} = {F937E93D-1ED8-47C9-A94E-457FEF973DEF}
		{9EFF6F3F-80BE-4D28-B3EB-57AB71E4E301} = {570864CF-2243-40E8-9F53-4AE87C8748D1}
		{56810DAD-5053-4032-9FA0-0AB610B0FA47} = {9A542255-8417-4451-AD21-3BA491EE6482}
		{AEC1923B-079F-4A2F-A6CE-7E16B910B49B} = {570864CF-2243-40E8-9F53-4AE87C8748D1}
		{5EB8A43F-2BE0-4EB9-B226-9873BC858388} = {9A542255-8417-4451-AD21-3BA491EE6482}
		{6B8B9ECD-217D-48C9-A897-14ED10C81E0B} = {56810DAD-5053-4032-9FA0-0AB610B0FA47}
		{BE513187-0F32-4004-B00D-CD56A68359DF} = {5EB8A43F-2BE0-4EB9-B226-9873BC858388}
		{6886844B-4A59-40DD-BE98-4C4467346360} = {5EB8A43F-2BE0-4EB9-B226-9873BC858388}
	EndGlobalSection
	GlobalSection(ExtensibilityGlobals) = postSolution
		SolutionGuid = {60A4FDE7-0522-4E6C-A10E-1C6EDB94817F}
	EndGlobalSection
EndGlobal
